
Microsoft Visual Studio Solution File, Format Version 12.00
# Visual Studio 15
VisualStudioVersion = 15.0.28307.960
MinimumVisualStudioVersion = 10.0.40219.1
Project("{9A19103F-16F7-4668-BE54-9A1E7A4F7556}") = "CurrencyService", "CurrencyService\CurrencyService.csproj", "{32BB089E-55F4-4705-A070-E4BF11D45603}"
EndProject
Project("{9A19103F-16F7-4668-BE54-9A1E7A4F7556}") = "PaymentService", "PaymentService\PaymentService.csproj", "{13AF1957-A2DA-4E17-AD5F-6BD3B41ED57F}"
EndProject
Project("{9A19103F-16F7-4668-BE54-9A1E7A4F7556}") = "ShippingService", "ShippingService\ShippingService.csproj", "{067CE97D-5248-497A-9B2A-D416499BC4B5}"
EndProject
Project("{9A19103F-16F7-4668-BE54-9A1E7A4F7556}") = "Currency_Test", "NUnitTest\Currency_Test.csproj", "{0D3BD1D0-126C-4DBA-A6BA-AF0CD1092006}"
EndProject
Global
	GlobalSection(SolutionConfigurationPlatforms) = preSolution
		Debug|Any CPU = Debug|Any CPU
		Release|Any CPU = Release|Any CPU
	EndGlobalSection
	GlobalSection(ProjectConfigurationPlatforms) = postSolution
		{32BB089E-55F4-4705-A070-E4BF11D45603}.Debug|Any CPU.ActiveCfg = Debug|Any CPU
		{32BB089E-55F4-4705-A070-E4BF11D45603}.Debug|Any CPU.Build.0 = Debug|Any CPU
		{32BB089E-55F4-4705-A070-E4BF11D45603}.Release|Any CPU.ActiveCfg = Release|Any CPU
		{32BB089E-55F4-4705-A070-E4BF11D45603}.Release|Any CPU.Build.0 = Release|Any CPU
		{13AF1957-A2DA-4E17-AD5F-6BD3B41ED57F}.Debug|Any CPU.ActiveCfg = Debug|Any CPU
		{13AF1957-A2DA-4E17-AD5F-6BD3B41ED57F}.Debug|Any CPU.Build.0 = Debug|Any CPU
		{13AF1957-A2DA-4E17-AD5F-6BD3B41ED57F}.Release|Any CPU.ActiveCfg = Release|Any CPU
		{13AF1957-A2DA-4E17-AD5F-6BD3B41ED57F}.Release|Any CPU.Build.0 = Release|Any CPU
		{067CE97D-5248-497A-9B2A-D416499BC4B5}.Debug|Any CPU.ActiveCfg = Debug|Any CPU
		{067CE97D-5248-497A-9B2A-D416499BC4B5}.Debug|Any CPU.Build.0 = Debug|Any CPU
		{067CE97D-5248-497A-9B2A-D416499BC4B5}.Release|Any CPU.ActiveCfg = Release|Any CPU
		{067CE97D-5248-497A-9B2A-D416499BC4B5}.Release|Any CPU.Build.0 = Release|Any CPU
		{0D3BD1D0-126C-4DBA-A6BA-AF0CD1092006}.Debug|Any CPU.ActiveCfg = Debug|Any CPU
		{0D3BD1D0-126C-4DBA-A6BA-AF0CD1092006}.Debug|Any CPU.Build.0 = Debug|Any CPU
		{0D3BD1D0-126C-4DBA-A6BA-AF0CD1092006}.Release|Any CPU.ActiveCfg = Release|Any CPU
		{0D3BD1D0-126C-4DBA-A6BA-AF0CD1092006}.Release|Any CPU.Build.0 = Release|Any CPU
	EndGlobalSection
	GlobalSection(SolutionProperties) = preSolution
		HideSolutionNode = FALSE
	EndGlobalSection
	GlobalSection(ExtensibilityGlobals) = postSolution
		SolutionGuid = {D8B17CEF-8044-4BD3-BCE5-8B77C2DD20E9}
	EndGlobalSection
EndGlobal
